
Microsoft Visual Studio Solution File, Format Version 12.00
# Visual Studio 15
VisualStudioVersion = 15.0.28307.136
MinimumVisualStudioVersion = 10.0.40219.1
Project("{2150E333-8FDC-42A3-9474-1A3956D46DE8}") = "4- Domain", "4- Domain", "{46D2E73F-A3AC-4807-AE85-DE5AA8CBFDFA}"
EndProject
Project("{2150E333-8FDC-42A3-9474-1A3956D46DE8}") = "5- Infrastructure", "5- Infrastructure", "{4B5C3B5C-7496-4006-82A0-64D84B5F50CC}"
EndProject
Project("{2150E333-8FDC-42A3-9474-1A3956D46DE8}") = "3- Aplication", "3- Aplication", "{E708DB0D-DC59-4B09-A519-C39E05C0FCC7}"
EndProject
Project("{2150E333-8FDC-42A3-9474-1A3956D46DE8}") = "1- Presentation", "1- Presentation", "{FCFD2A3C-CB46-4D94-87B5-9C9319160DC5}"
EndProject
Project("{2150E333-8FDC-42A3-9474-1A3956D46DE8}") = "2- Distributed Services", "2- Distributed Services", "{D0E51BF4-C60B-4C8A-AA56-3AE9B460997F}"
EndProject
Project("{FAE04EC0-301F-11D3-BF4B-00C04F79EFBC}") = "AutoParts.Domain", "AutoParts.Domain\AutoParts.Domain.csproj", "{0F4D79C6-6ADA-4CD0-A7E2-6584A0A14794}"
EndProject
Project("{FAE04EC0-301F-11D3-BF4B-00C04F79EFBC}") = "AutoParts.Infrastructure", "AutoParts.Infrastructure\AutoParts.Infrastructure.csproj", "{E30DDDA7-FDA5-4AB4-99A4-956A8323AC63}"
EndProject
Project("{FAE04EC0-301F-11D3-BF4B-00C04F79EFBC}") = "AutoParts.Aplication", "AutoParts.Aplication\AutoParts.Aplication.csproj", "{1D48E12B-400F-4343-BE75-85185354323B}"
EndProject
Global
	GlobalSection(SolutionConfigurationPlatforms) = preSolution
		Debug|Any CPU = Debug|Any CPU
		Release|Any CPU = Release|Any CPU
	EndGlobalSection
	GlobalSection(ProjectConfigurationPlatforms) = postSolution
		{0F4D79C6-6ADA-4CD0-A7E2-6584A0A14794}.Debug|Any CPU.ActiveCfg = Debug|Any CPU
		{0F4D79C6-6ADA-4CD0-A7E2-6584A0A14794}.Debug|Any CPU.Build.0 = Debug|Any CPU
		{0F4D79C6-6ADA-4CD0-A7E2-6584A0A14794}.Release|Any CPU.ActiveCfg = Release|Any CPU
		{0F4D79C6-6ADA-4CD0-A7E2-6584A0A14794}.Release|Any CPU.Build.0 = Release|Any CPU
		{E30DDDA7-FDA5-4AB4-99A4-956A8323AC63}.Debug|Any CPU.ActiveCfg = Debug|Any CPU
		{E30DDDA7-FDA5-4AB4-99A4-956A8323AC63}.Debug|Any CPU.Build.0 = Debug|Any CPU
		{E30DDDA7-FDA5-4AB4-99A4-956A8323AC63}.Release|Any CPU.ActiveCfg = Release|Any CPU
		{E30DDDA7-FDA5-4AB4-99A4-956A8323AC63}.Release|Any CPU.Build.0 = Release|Any CPU
		{1D48E12B-400F-4343-BE75-85185354323B}.Debug|Any CPU.ActiveCfg = Debug|Any CPU
		{1D48E12B-400F-4343-BE75-85185354323B}.Debug|Any CPU.Build.0 = Debug|Any CPU
		{1D48E12B-400F-4343-BE75-85185354323B}.Release|Any CPU.ActiveCfg = Release|Any CPU
		{1D48E12B-400F-4343-BE75-85185354323B}.Release|Any CPU.Build.0 = Release|Any CPU
	EndGlobalSection
	GlobalSection(SolutionProperties) = preSolution
		HideSolutionNode = FALSE
	EndGlobalSection
	GlobalSection(NestedProjects) = preSolution
		{0F4D79C6-6ADA-4CD0-A7E2-6584A0A14794} = {46D2E73F-A3AC-4807-AE85-DE5AA8CBFDFA}
		{E30DDDA7-FDA5-4AB4-99A4-956A8323AC63} = {4B5C3B5C-7496-4006-82A0-64D84B5F50CC}
		{1D48E12B-400F-4343-BE75-85185354323B} = {E708DB0D-DC59-4B09-A519-C39E05C0FCC7}
	EndGlobalSection
	GlobalSection(ExtensibilityGlobals) = postSolution
		SolutionGuid = {ACA2201F-0C03-42E0-865C-25617DFD36E4}
	EndGlobalSection
EndGlobal
